// !$*UTF8*$!
{
	archiveVersion = 1;
	classes = {
	};
	objectVersion = 46;
	objects = {

/* Begin PBXBuildFile section */
		0706C9911CC04E6A000A11FF /* Array+.swift in Sources */ = {isa = PBXBuildFile; fileRef = 0706C9901CC04E6A000A11FF /* Array+.swift */; };
		0706C9951CC06B04000A11FF /* DenverTVC.storyboard in Resources */ = {isa = PBXBuildFile; fileRef = 0706C9941CC06B04000A11FF /* DenverTVC.storyboard */; };
		0706C99A1CC07116000A11FF /* DenverTVC.swift in Sources */ = {isa = PBXBuildFile; fileRef = 0706C9991CC07116000A11FF /* DenverTVC.swift */; };
		0706C99C1CC07126000A11FF /* BudapestTVC.storyboard in Resources */ = {isa = PBXBuildFile; fileRef = 0706C99B1CC07126000A11FF /* BudapestTVC.storyboard */; };
		0706C99F1CC0736D000A11FF /* StarWarsTVC.storyboard in Resources */ = {isa = PBXBuildFile; fileRef = 0706C99E1CC0736D000A11FF /* StarWarsTVC.storyboard */; };
		0706C9A11CC07379000A11FF /* StarWarsTVC.swift in Sources */ = {isa = PBXBuildFile; fileRef = 0706C9A01CC07379000A11FF /* StarWarsTVC.swift */; };
		0706C9A31CC0739C000A11FF /* StarWarsPerson.swift in Sources */ = {isa = PBXBuildFile; fileRef = 0706C9A21CC0739C000A11FF /* StarWarsPerson.swift */; };
		0706C9A61CC0763B000A11FF /* APIModelDetailsVC.swift in Sources */ = {isa = PBXBuildFile; fileRef = 0706C9A51CC0763B000A11FF /* APIModelDetailsVC.swift */; };
		0706C9A81CC07646000A11FF /* APIModelDetailsVC.storyboard in Resources */ = {isa = PBXBuildFile; fileRef = 0706C9A71CC07646000A11FF /* APIModelDetailsVC.storyboard */; };
		0706C9AB1CC099EE000A11FF /* APIs.swift in Sources */ = {isa = PBXBuildFile; fileRef = 0706C9AA1CC099EE000A11FF /* APIs.swift */; };
		0706C9AD1CC09AA3000A11FF /* Collie.swift in Sources */ = {isa = PBXBuildFile; fileRef = 0706C9AC1CC09AA3000A11FF /* Collie.swift */; };
		0706C9B01CC0A5E4000A11FF /* StockholmTVC.swift in Sources */ = {isa = PBXBuildFile; fileRef = 0706C9AF1CC0A5E4000A11FF /* StockholmTVC.swift */; };
		0706C9B21CC0A60F000A11FF /* StockholmTVC.storyboard in Resources */ = {isa = PBXBuildFile; fileRef = 0706C9B11CC0A60F000A11FF /* StockholmTVC.storyboard */; };
		0745494A1CBEB5D30083A2EC /* AppDelegate.swift in Sources */ = {isa = PBXBuildFile; fileRef = 074549491CBEB5D30083A2EC /* AppDelegate.swift */; };
		0745494F1CBEB5D30083A2EC /* Root.storyboard in Resources */ = {isa = PBXBuildFile; fileRef = 0745494D1CBEB5D30083A2EC /* Root.storyboard */; };
		074549511CBEB5D30083A2EC /* Assets.xcassets in Resources */ = {isa = PBXBuildFile; fileRef = 074549501CBEB5D30083A2EC /* Assets.xcassets */; };
		074549541CBEB5D30083A2EC /* LaunchScreen.storyboard in Resources */ = {isa = PBXBuildFile; fileRef = 074549521CBEB5D30083A2EC /* LaunchScreen.storyboard */; };
		074549601CBEB64F0083A2EC /* CollieCollection.swift in Sources */ = {isa = PBXBuildFile; fileRef = 0745495D1CBEB64F0083A2EC /* CollieCollection.swift */; };
		074549611CBEB64F0083A2EC /* CollieHandler.swift in Sources */ = {isa = PBXBuildFile; fileRef = 0745495E1CBEB64F0083A2EC /* CollieHandler.swift */; };
		074549621CBEB64F0083A2EC /* Place.swift in Sources */ = {isa = PBXBuildFile; fileRef = 0745495F1CBEB64F0083A2EC /* Place.swift */; };
		074549641CBEB6600083A2EC /* BudapestTVC.swift in Sources */ = {isa = PBXBuildFile; fileRef = 074549631CBEB6600083A2EC /* BudapestTVC.swift */; };
		074549671CBEB8F70083A2EC /* CollieModel.swift in Sources */ = {isa = PBXBuildFile; fileRef = 074549661CBEB8F70083A2EC /* CollieModel.swift */; };
		0745496B1CBEBFAB0083A2EC /* CollieError.swift in Sources */ = {isa = PBXBuildFile; fileRef = 0745496A1CBEBFAB0083A2EC /* CollieError.swift */; };
		07B8D7C11CD123AF001EB05E /* FromJSON.swift in Sources */ = {isa = PBXBuildFile; fileRef = 07B8D7AF1CD123AF001EB05E /* FromJSON.swift */; };
		07B8D7C21CD123AF001EB05E /* Map.swift in Sources */ = {isa = PBXBuildFile; fileRef = 07B8D7B01CD123AF001EB05E /* Map.swift */; };
		07B8D7C31CD123AF001EB05E /* Mappable.swift in Sources */ = {isa = PBXBuildFile; fileRef = 07B8D7B11CD123AF001EB05E /* Mappable.swift */; };
		07B8D7C41CD123AF001EB05E /* Mapper.swift in Sources */ = {isa = PBXBuildFile; fileRef = 07B8D7B21CD123AF001EB05E /* Mapper.swift */; };
		07B8D7C51CD123AF001EB05E /* Operators.swift in Sources */ = {isa = PBXBuildFile; fileRef = 07B8D7B31CD123AF001EB05E /* Operators.swift */; };
		07B8D7C61CD123AF001EB05E /* ToJSON.swift in Sources */ = {isa = PBXBuildFile; fileRef = 07B8D7B41CD123AF001EB05E /* ToJSON.swift */; };
		07B8D7C81CD123AF001EB05E /* CustomDateFormatTransform.swift in Sources */ = {isa = PBXBuildFile; fileRef = 07B8D7B81CD123AF001EB05E /* CustomDateFormatTransform.swift */; };
		07B8D7C91CD123AF001EB05E /* DateFormatterTransform.swift in Sources */ = {isa = PBXBuildFile; fileRef = 07B8D7B91CD123AF001EB05E /* DateFormatterTransform.swift */; };
		07B8D7CA1CD123AF001EB05E /* DateTransform.swift in Sources */ = {isa = PBXBuildFile; fileRef = 07B8D7BA1CD123AF001EB05E /* DateTransform.swift */; };
		07B8D7CB1CD123AF001EB05E /* EnumTransform.swift in Sources */ = {isa = PBXBuildFile; fileRef = 07B8D7BB1CD123AF001EB05E /* EnumTransform.swift */; };
		07B8D7CC1CD123AF001EB05E /* ISO8601DateTransform.swift in Sources */ = {isa = PBXBuildFile; fileRef = 07B8D7BC1CD123AF001EB05E /* ISO8601DateTransform.swift */; };
		07B8D7CD1CD123AF001EB05E /* NSDecimalNumberTransform.swift in Sources */ = {isa = PBXBuildFile; fileRef = 07B8D7BD1CD123AF001EB05E /* NSDecimalNumberTransform.swift */; };
		07B8D7CE1CD123AF001EB05E /* TransformOf.swift in Sources */ = {isa = PBXBuildFile; fileRef = 07B8D7BE1CD123AF001EB05E /* TransformOf.swift */; };
		07B8D7CF1CD123AF001EB05E /* TransformType.swift in Sources */ = {isa = PBXBuildFile; fileRef = 07B8D7BF1CD123AF001EB05E /* TransformType.swift */; };
		07B8D7D01CD123AF001EB05E /* URLTransform.swift in Sources */ = {isa = PBXBuildFile; fileRef = 07B8D7C01CD123AF001EB05E /* URLTransform.swift */; };
		07B8D7DE1CD153AF001EB05E /* Thread.swift in Sources */ = {isa = PBXBuildFile; fileRef = 07B8D7DD1CD153AF001EB05E /* Thread.swift */; };
		07B8D7E01CD158AE001EB05E /* CollieCache.swift in Sources */ = {isa = PBXBuildFile; fileRef = 07B8D7DF1CD158AE001EB05E /* CollieCache.swift */; };
		07B9545D1CD28EE000CD6C4A /* CollieParse.swift in Sources */ = {isa = PBXBuildFile; fileRef = 07B9545C1CD28EE000CD6C4A /* CollieParse.swift */; };
		07B9545F1CD2914C00CD6C4A /* Collie+HTTP.swift in Sources */ = {isa = PBXBuildFile; fileRef = 07B9545E1CD2914C00CD6C4A /* Collie+HTTP.swift */; };
		07D480001CBF494100693ADF /* PlaceDisplayerVC.swift in Sources */ = {isa = PBXBuildFile; fileRef = 07D47FFF1CBF494100693ADF /* PlaceDisplayerVC.swift */; };
		07D480021CBF4A5700693ADF /* PlaceDisplayerVC.storyboard in Resources */ = {isa = PBXBuildFile; fileRef = 07D480011CBF4A5700693ADF /* PlaceDisplayerVC.storyboard */; };
/* End PBXBuildFile section */

/* Begin PBXFileReference section */
		0706C9901CC04E6A000A11FF /* Array+.swift */ = {isa = PBXFileReference; fileEncoding = 4; lastKnownFileType = sourcecode.swift; path = "Array+.swift"; sourceTree = "<group>"; };
		0706C9941CC06B04000A11FF /* DenverTVC.storyboard */ = {isa = PBXFileReference; fileEncoding = 4; lastKnownFileType = file.storyboard; path = DenverTVC.storyboard; sourceTree = "<group>"; };
		0706C9991CC07116000A11FF /* DenverTVC.swift */ = {isa = PBXFileReference; fileEncoding = 4; lastKnownFileType = sourcecode.swift; path = DenverTVC.swift; sourceTree = "<group>"; };
		0706C99B1CC07126000A11FF /* BudapestTVC.storyboard */ = {isa = PBXFileReference; fileEncoding = 4; lastKnownFileType = file.storyboard; path = BudapestTVC.storyboard; sourceTree = "<group>"; };
		0706C99E1CC0736D000A11FF /* StarWarsTVC.storyboard */ = {isa = PBXFileReference; fileEncoding = 4; lastKnownFileType = file.storyboard; path = StarWarsTVC.storyboard; sourceTree = "<group>"; };
		0706C9A01CC07379000A11FF /* StarWarsTVC.swift */ = {isa = PBXFileReference; fileEncoding = 4; lastKnownFileType = sourcecode.swift; path = StarWarsTVC.swift; sourceTree = "<group>"; };
		0706C9A21CC0739C000A11FF /* StarWarsPerson.swift */ = {isa = PBXFileReference; fileEncoding = 4; lastKnownFileType = sourcecode.swift; path = StarWarsPerson.swift; sourceTree = "<group>"; };
		0706C9A51CC0763B000A11FF /* APIModelDetailsVC.swift */ = {isa = PBXFileReference; fileEncoding = 4; lastKnownFileType = sourcecode.swift; path = APIModelDetailsVC.swift; sourceTree = "<group>"; };
		0706C9A71CC07646000A11FF /* APIModelDetailsVC.storyboard */ = {isa = PBXFileReference; fileEncoding = 4; lastKnownFileType = file.storyboard; path = APIModelDetailsVC.storyboard; sourceTree = "<group>"; };
		0706C9AA1CC099EE000A11FF /* APIs.swift */ = {isa = PBXFileReference; fileEncoding = 4; lastKnownFileType = sourcecode.swift; path = APIs.swift; sourceTree = "<group>"; };
		0706C9AC1CC09AA3000A11FF /* Collie.swift */ = {isa = PBXFileReference; fileEncoding = 4; lastKnownFileType = sourcecode.swift; path = Collie.swift; sourceTree = "<group>"; };
		0706C9AF1CC0A5E4000A11FF /* StockholmTVC.swift */ = {isa = PBXFileReference; fileEncoding = 4; lastKnownFileType = sourcecode.swift; path = StockholmTVC.swift; sourceTree = "<group>"; };
		0706C9B11CC0A60F000A11FF /* StockholmTVC.storyboard */ = {isa = PBXFileReference; fileEncoding = 4; lastKnownFileType = file.storyboard; path = StockholmTVC.storyboard; sourceTree = "<group>"; };
		074549461CBEB5D30083A2EC /* api-collection.app */ = {isa = PBXFileReference; explicitFileType = wrapper.application; includeInIndex = 0; path = "api-collection.app"; sourceTree = BUILT_PRODUCTS_DIR; };
		074549491CBEB5D30083A2EC /* AppDelegate.swift */ = {isa = PBXFileReference; lastKnownFileType = sourcecode.swift; path = AppDelegate.swift; sourceTree = "<group>"; };
		0745494E1CBEB5D30083A2EC /* Base */ = {isa = PBXFileReference; lastKnownFileType = file.storyboard; name = Base; path = Base.lproj/Root.storyboard; sourceTree = "<group>"; };
		074549501CBEB5D30083A2EC /* Assets.xcassets */ = {isa = PBXFileReference; lastKnownFileType = folder.assetcatalog; path = Assets.xcassets; sourceTree = "<group>"; };
		074549531CBEB5D30083A2EC /* Base */ = {isa = PBXFileReference; lastKnownFileType = file.storyboard; name = Base; path = Base.lproj/LaunchScreen.storyboard; sourceTree = "<group>"; };
		074549551CBEB5D30083A2EC /* Info.plist */ = {isa = PBXFileReference; lastKnownFileType = text.plist.xml; path = Info.plist; sourceTree = "<group>"; };
		0745495D1CBEB64F0083A2EC /* CollieCollection.swift */ = {isa = PBXFileReference; fileEncoding = 4; lastKnownFileType = sourcecode.swift; path = CollieCollection.swift; sourceTree = "<group>"; };
		0745495E1CBEB64F0083A2EC /* CollieHandler.swift */ = {isa = PBXFileReference; fileEncoding = 4; lastKnownFileType = sourcecode.swift; path = CollieHandler.swift; sourceTree = "<group>"; };
		0745495F1CBEB64F0083A2EC /* Place.swift */ = {isa = PBXFileReference; fileEncoding = 4; lastKnownFileType = sourcecode.swift; path = Place.swift; sourceTree = "<group>"; };
		074549631CBEB6600083A2EC /* BudapestTVC.swift */ = {isa = PBXFileReference; fileEncoding = 4; lastKnownFileType = sourcecode.swift; path = BudapestTVC.swift; sourceTree = "<group>"; };
		074549661CBEB8F70083A2EC /* CollieModel.swift */ = {isa = PBXFileReference; fileEncoding = 4; lastKnownFileType = sourcecode.swift; path = CollieModel.swift; sourceTree = "<group>"; };
		0745496A1CBEBFAB0083A2EC /* CollieError.swift */ = {isa = PBXFileReference; fileEncoding = 4; lastKnownFileType = sourcecode.swift; path = CollieError.swift; sourceTree = "<group>"; };
		07B8D7AF1CD123AF001EB05E /* FromJSON.swift */ = {isa = PBXFileReference; fileEncoding = 4; lastKnownFileType = sourcecode.swift; path = FromJSON.swift; sourceTree = "<group>"; };
		07B8D7B01CD123AF001EB05E /* Map.swift */ = {isa = PBXFileReference; fileEncoding = 4; lastKnownFileType = sourcecode.swift; path = Map.swift; sourceTree = "<group>"; };
		07B8D7B11CD123AF001EB05E /* Mappable.swift */ = {isa = PBXFileReference; fileEncoding = 4; lastKnownFileType = sourcecode.swift; path = Mappable.swift; sourceTree = "<group>"; };
		07B8D7B21CD123AF001EB05E /* Mapper.swift */ = {isa = PBXFileReference; fileEncoding = 4; lastKnownFileType = sourcecode.swift; path = Mapper.swift; sourceTree = "<group>"; };
		07B8D7B31CD123AF001EB05E /* Operators.swift */ = {isa = PBXFileReference; fileEncoding = 4; lastKnownFileType = sourcecode.swift; path = Operators.swift; sourceTree = "<group>"; };
		07B8D7B41CD123AF001EB05E /* ToJSON.swift */ = {isa = PBXFileReference; fileEncoding = 4; lastKnownFileType = sourcecode.swift; path = ToJSON.swift; sourceTree = "<group>"; };
		07B8D7B61CD123AF001EB05E /* ObjectMapper.h */ = {isa = PBXFileReference; fileEncoding = 4; lastKnownFileType = sourcecode.c.h; path = ObjectMapper.h; sourceTree = "<group>"; };
		07B8D7B81CD123AF001EB05E /* CustomDateFormatTransform.swift */ = {isa = PBXFileReference; fileEncoding = 4; lastKnownFileType = sourcecode.swift; path = CustomDateFormatTransform.swift; sourceTree = "<group>"; };
		07B8D7B91CD123AF001EB05E /* DateFormatterTransform.swift */ = {isa = PBXFileReference; fileEncoding = 4; lastKnownFileType = sourcecode.swift; path = DateFormatterTransform.swift; sourceTree = "<group>"; };
		07B8D7BA1CD123AF001EB05E /* DateTransform.swift */ = {isa = PBXFileReference; fileEncoding = 4; lastKnownFileType = sourcecode.swift; path = DateTransform.swift; sourceTree = "<group>"; };
		07B8D7BB1CD123AF001EB05E /* EnumTransform.swift */ = {isa = PBXFileReference; fileEncoding = 4; lastKnownFileType = sourcecode.swift; path = EnumTransform.swift; sourceTree = "<group>"; };
		07B8D7BC1CD123AF001EB05E /* ISO8601DateTransform.swift */ = {isa = PBXFileReference; fileEncoding = 4; lastKnownFileType = sourcecode.swift; path = ISO8601DateTransform.swift; sourceTree = "<group>"; };
		07B8D7BD1CD123AF001EB05E /* NSDecimalNumberTransform.swift */ = {isa = PBXFileReference; fileEncoding = 4; lastKnownFileType = sourcecode.swift; path = NSDecimalNumberTransform.swift; sourceTree = "<group>"; };
		07B8D7BE1CD123AF001EB05E /* TransformOf.swift */ = {isa = PBXFileReference; fileEncoding = 4; lastKnownFileType = sourcecode.swift; path = TransformOf.swift; sourceTree = "<group>"; };
		07B8D7BF1CD123AF001EB05E /* TransformType.swift */ = {isa = PBXFileReference; fileEncoding = 4; lastKnownFileType = sourcecode.swift; path = TransformType.swift; sourceTree = "<group>"; };
		07B8D7C01CD123AF001EB05E /* URLTransform.swift */ = {isa = PBXFileReference; fileEncoding = 4; lastKnownFileType = sourcecode.swift; path = URLTransform.swift; sourceTree = "<group>"; };
		07B8D7DD1CD153AF001EB05E /* Thread.swift */ = {isa = PBXFileReference; fileEncoding = 4; lastKnownFileType = sourcecode.swift; path = Thread.swift; sourceTree = "<group>"; };
		07B8D7DF1CD158AE001EB05E /* CollieCache.swift */ = {isa = PBXFileReference; fileEncoding = 4; lastKnownFileType = sourcecode.swift; path = CollieCache.swift; sourceTree = "<group>"; };
		07B9545C1CD28EE000CD6C4A /* CollieParse.swift */ = {isa = PBXFileReference; fileEncoding = 4; lastKnownFileType = sourcecode.swift; path = CollieParse.swift; sourceTree = "<group>"; };
		07B9545E1CD2914C00CD6C4A /* Collie+HTTP.swift */ = {isa = PBXFileReference; fileEncoding = 4; lastKnownFileType = sourcecode.swift; path = "Collie+HTTP.swift"; sourceTree = "<group>"; };
		07D47FFF1CBF494100693ADF /* PlaceDisplayerVC.swift */ = {isa = PBXFileReference; fileEncoding = 4; lastKnownFileType = sourcecode.swift; path = PlaceDisplayerVC.swift; sourceTree = "<group>"; };
		07D480011CBF4A5700693ADF /* PlaceDisplayerVC.storyboard */ = {isa = PBXFileReference; fileEncoding = 4; lastKnownFileType = file.storyboard; path = PlaceDisplayerVC.storyboard; sourceTree = "<group>"; };
/* End PBXFileReference section */

/* Begin PBXFrameworksBuildPhase section */
		074549431CBEB5D30083A2EC /* Frameworks */ = {
			isa = PBXFrameworksBuildPhase;
			buildActionMask = 2147483647;
			files = (
			);
			runOnlyForDeploymentPostprocessing = 0;
		};
/* End PBXFrameworksBuildPhase section */

/* Begin PBXGroup section */
		0706C98F1CC03FA3000A11FF /* pages */ = {
			isa = PBXGroup;
			children = (
				0745494D1CBEB5D30083A2EC /* Root.storyboard */,
				0706C9AE1CC0A5C9000A11FF /* Stockholm */,
				0706C99D1CC07358000A11FF /* Star Wars */,
				0706C9961CC06EAB000A11FF /* Budapest */,
				0706C9921CC06ACF000A11FF /* Denver */,
				0706C9A41CC0761B000A11FF /* StarWarsPerson Details */,
				0706C9931CC06AEB000A11FF /* Place Details */,
			);
			name = pages;
			sourceTree = "<group>";
		};
		0706C9921CC06ACF000A11FF /* Denver */ = {
			isa = PBXGroup;
			children = (
				0706C9991CC07116000A11FF /* DenverTVC.swift */,
				0706C9941CC06B04000A11FF /* DenverTVC.storyboard */,
			);
			name = Denver;
			sourceTree = "<group>";
		};
		0706C9931CC06AEB000A11FF /* Place Details */ = {
			isa = PBXGroup;
			children = (
				07D47FFF1CBF494100693ADF /* PlaceDisplayerVC.swift */,
				07D480011CBF4A5700693ADF /* PlaceDisplayerVC.storyboard */,
			);
			name = "Place Details";
			sourceTree = "<group>";
		};
		0706C9961CC06EAB000A11FF /* Budapest */ = {
			isa = PBXGroup;
			children = (
				074549631CBEB6600083A2EC /* BudapestTVC.swift */,
				0706C99B1CC07126000A11FF /* BudapestTVC.storyboard */,
			);
			name = Budapest;
			sourceTree = "<group>";
		};
		0706C99D1CC07358000A11FF /* Star Wars */ = {
			isa = PBXGroup;
			children = (
				0706C99E1CC0736D000A11FF /* StarWarsTVC.storyboard */,
				0706C9A01CC07379000A11FF /* StarWarsTVC.swift */,
			);
			name = "Star Wars";
			sourceTree = "<group>";
		};
		0706C9A41CC0761B000A11FF /* StarWarsPerson Details */ = {
			isa = PBXGroup;
			children = (
				0706C9A51CC0763B000A11FF /* APIModelDetailsVC.swift */,
				0706C9A71CC07646000A11FF /* APIModelDetailsVC.storyboard */,
			);
			name = "StarWarsPerson Details";
			sourceTree = "<group>";
		};
		0706C9A91CC0977E000A11FF /* demo-app */ = {
			isa = PBXGroup;
			children = (
				0745496C1CBEC1490083A2EC /* models */,
				0706C98F1CC03FA3000A11FF /* pages */,
				0745495B1CBEB63D0083A2EC /* core */,
			);
			name = "demo-app";
			sourceTree = "<group>";
		};
		0706C9AE1CC0A5C9000A11FF /* Stockholm */ = {
			isa = PBXGroup;
			children = (
				0706C9AF1CC0A5E4000A11FF /* StockholmTVC.swift */,
				0706C9B11CC0A60F000A11FF /* StockholmTVC.storyboard */,
			);
			name = Stockholm;
			sourceTree = "<group>";
		};
		0745493D1CBEB5D30083A2EC = {
			isa = PBXGroup;
			children = (
				074549481CBEB5D30083A2EC /* api-collection */,
				074549471CBEB5D30083A2EC /* Products */,
			);
			sourceTree = "<group>";
		};
		074549471CBEB5D30083A2EC /* Products */ = {
			isa = PBXGroup;
			children = (
				074549461CBEB5D30083A2EC /* api-collection.app */,
			);
			name = Products;
			sourceTree = "<group>";
		};
		074549481CBEB5D30083A2EC /* api-collection */ = {
			isa = PBXGroup;
			children = (
				0706C9AC1CC09AA3000A11FF /* Collie.swift */,
				0745495D1CBEB64F0083A2EC /* CollieCollection.swift */,
				074549661CBEB8F70083A2EC /* CollieModel.swift */,
				0745495E1CBEB64F0083A2EC /* CollieHandler.swift */,
				0745496A1CBEBFAB0083A2EC /* CollieError.swift */,
				07B9545C1CD28EE000CD6C4A /* CollieParse.swift */,
				07B9545E1CD2914C00CD6C4A /* Collie+HTTP.swift */,
				07B8D7DF1CD158AE001EB05E /* CollieCache.swift */,
				07B8D7DC1CD147F1001EB05E /* lib */,
				074549651CBEB8E20083A2EC /* vendor */,
				0706C9A91CC0977E000A11FF /* demo-app */,
			);
			path = "api-collection";
			sourceTree = "<group>";
		};
		0745495B1CBEB63D0083A2EC /* core */ = {
			isa = PBXGroup;
			children = (
				074549491CBEB5D30083A2EC /* AppDelegate.swift */,
				074549551CBEB5D30083A2EC /* Info.plist */,
				074549501CBEB5D30083A2EC /* Assets.xcassets */,
				074549521CBEB5D30083A2EC /* LaunchScreen.storyboard */,
				0706C9AA1CC099EE000A11FF /* APIs.swift */,
			);
			name = core;
			sourceTree = "<group>";
		};
		074549651CBEB8E20083A2EC /* vendor */ = {
			isa = PBXGroup;
			children = (
				07B8D7AD1CD123AF001EB05E /* ObjectMapper */,
			);
			name = vendor;
			sourceTree = "<group>";
		};
		0745496C1CBEC1490083A2EC /* models */ = {
			isa = PBXGroup;
			children = (
				0745495F1CBEB64F0083A2EC /* Place.swift */,
				0706C9A21CC0739C000A11FF /* StarWarsPerson.swift */,
			);
			name = models;
			sourceTree = "<group>";
		};
		07B8D7AD1CD123AF001EB05E /* ObjectMapper */ = {
			isa = PBXGroup;
			children = (
				07B8D7AE1CD123AF001EB05E /* Core */,
				07B8D7B61CD123AF001EB05E /* ObjectMapper.h */,
				07B8D7B71CD123AF001EB05E /* Transforms */,
			);
			name = ObjectMapper;
			path = vendor/ObjectMapper;
			sourceTree = "<group>";
		};
		07B8D7AE1CD123AF001EB05E /* Core */ = {
			isa = PBXGroup;
			children = (
				07B8D7AF1CD123AF001EB05E /* FromJSON.swift */,
				07B8D7B01CD123AF001EB05E /* Map.swift */,
				07B8D7B11CD123AF001EB05E /* Mappable.swift */,
				07B8D7B21CD123AF001EB05E /* Mapper.swift */,
				07B8D7B31CD123AF001EB05E /* Operators.swift */,
				07B8D7B41CD123AF001EB05E /* ToJSON.swift */,
			);
			path = Core;
			sourceTree = "<group>";
		};
		07B8D7B71CD123AF001EB05E /* Transforms */ = {
			isa = PBXGroup;
			children = (
				07B8D7B81CD123AF001EB05E /* CustomDateFormatTransform.swift */,
				07B8D7B91CD123AF001EB05E /* DateFormatterTransform.swift */,
				07B8D7BA1CD123AF001EB05E /* DateTransform.swift */,
				07B8D7BB1CD123AF001EB05E /* EnumTransform.swift */,
				07B8D7BC1CD123AF001EB05E /* ISO8601DateTransform.swift */,
				07B8D7BD1CD123AF001EB05E /* NSDecimalNumberTransform.swift */,
				07B8D7BE1CD123AF001EB05E /* TransformOf.swift */,
				07B8D7BF1CD123AF001EB05E /* TransformType.swift */,
				07B8D7C01CD123AF001EB05E /* URLTransform.swift */,
			);
			path = Transforms;
			sourceTree = "<group>";
		};
		07B8D7DC1CD147F1001EB05E /* lib */ = {
			isa = PBXGroup;
			children = (
				0706C9901CC04E6A000A11FF /* Array+.swift */,
				07B8D7DD1CD153AF001EB05E /* Thread.swift */,
			);
			name = lib;
			sourceTree = "<group>";
		};
/* End PBXGroup section */

/* Begin PBXNativeTarget section */
		074549451CBEB5D30083A2EC /* api-collection */ = {
			isa = PBXNativeTarget;
			buildConfigurationList = 074549581CBEB5D30083A2EC /* Build configuration list for PBXNativeTarget "api-collection" */;
			buildPhases = (
				074549421CBEB5D30083A2EC /* Sources */,
				074549431CBEB5D30083A2EC /* Frameworks */,
				074549441CBEB5D30083A2EC /* Resources */,
			);
			buildRules = (
			);
			dependencies = (
			);
			name = "api-collection";
			productName = "api-collection";
			productReference = 074549461CBEB5D30083A2EC /* api-collection.app */;
			productType = "com.apple.product-type.application";
		};
/* End PBXNativeTarget section */

/* Begin PBXProject section */
		0745493E1CBEB5D30083A2EC /* Project object */ = {
			isa = PBXProject;
			attributes = {
				LastSwiftUpdateCheck = 0720;
				LastUpgradeCheck = 0720;
				ORGANIZATIONNAME = "Simple Guy";
				TargetAttributes = {
					074549451CBEB5D30083A2EC = {
						CreatedOnToolsVersion = 7.2;
					};
				};
			};
			buildConfigurationList = 074549411CBEB5D30083A2EC /* Build configuration list for PBXProject "api-collection" */;
			compatibilityVersion = "Xcode 3.2";
			developmentRegion = English;
			hasScannedForEncodings = 0;
			knownRegions = (
				en,
				Base,
			);
			mainGroup = 0745493D1CBEB5D30083A2EC;
			productRefGroup = 074549471CBEB5D30083A2EC /* Products */;
			projectDirPath = "";
			projectRoot = "";
			targets = (
				074549451CBEB5D30083A2EC /* api-collection */,
			);
		};
/* End PBXProject section */

/* Begin PBXResourcesBuildPhase section */
		074549441CBEB5D30083A2EC /* Resources */ = {
			isa = PBXResourcesBuildPhase;
			buildActionMask = 2147483647;
			files = (
				0706C99C1CC07126000A11FF /* BudapestTVC.storyboard in Resources */,
				074549541CBEB5D30083A2EC /* LaunchScreen.storyboard in Resources */,
				07D480021CBF4A5700693ADF /* PlaceDisplayerVC.storyboard in Resources */,
				0706C9951CC06B04000A11FF /* DenverTVC.storyboard in Resources */,
				074549511CBEB5D30083A2EC /* Assets.xcassets in Resources */,
				0706C99F1CC0736D000A11FF /* StarWarsTVC.storyboard in Resources */,
				0706C9B21CC0A60F000A11FF /* StockholmTVC.storyboard in Resources */,
				0706C9A81CC07646000A11FF /* APIModelDetailsVC.storyboard in Resources */,
				0745494F1CBEB5D30083A2EC /* Root.storyboard in Resources */,
			);
			runOnlyForDeploymentPostprocessing = 0;
		};
/* End PBXResourcesBuildPhase section */

/* Begin PBXSourcesBuildPhase section */
		074549421CBEB5D30083A2EC /* Sources */ = {
			isa = PBXSourcesBuildPhase;
			buildActionMask = 2147483647;
			files = (
				074549611CBEB64F0083A2EC /* CollieHandler.swift in Sources */,
				07B8D7C31CD123AF001EB05E /* Mappable.swift in Sources */,
				07B8D7CA1CD123AF001EB05E /* DateTransform.swift in Sources */,
				0706C9911CC04E6A000A11FF /* Array+.swift in Sources */,
				07B8D7CD1CD123AF001EB05E /* NSDecimalNumberTransform.swift in Sources */,
				07B8D7D01CD123AF001EB05E /* URLTransform.swift in Sources */,
				07B8D7CE1CD123AF001EB05E /* TransformOf.swift in Sources */,
				0706C9A11CC07379000A11FF /* StarWarsTVC.swift in Sources */,
				07B8D7C41CD123AF001EB05E /* Mapper.swift in Sources */,
				0745496B1CBEBFAB0083A2EC /* CollieError.swift in Sources */,
				0706C9A31CC0739C000A11FF /* StarWarsPerson.swift in Sources */,
				07B8D7CC1CD123AF001EB05E /* ISO8601DateTransform.swift in Sources */,
				07B8D7CF1CD123AF001EB05E /* TransformType.swift in Sources */,
				07B8D7DE1CD153AF001EB05E /* Thread.swift in Sources */,
				0706C9A61CC0763B000A11FF /* APIModelDetailsVC.swift in Sources */,
				07D480001CBF494100693ADF /* PlaceDisplayerVC.swift in Sources */,
				07B8D7C81CD123AF001EB05E /* CustomDateFormatTransform.swift in Sources */,
				07B9545D1CD28EE000CD6C4A /* CollieParse.swift in Sources */,
				0706C9B01CC0A5E4000A11FF /* StockholmTVC.swift in Sources */,
				07B8D7C21CD123AF001EB05E /* Map.swift in Sources */,
				074549601CBEB64F0083A2EC /* CollieCollection.swift in Sources */,
				0706C9AD1CC09AA3000A11FF /* Collie.swift in Sources */,
				0706C99A1CC07116000A11FF /* DenverTVC.swift in Sources */,
				0745494A1CBEB5D30083A2EC /* AppDelegate.swift in Sources */,
				07B8D7CB1CD123AF001EB05E /* EnumTransform.swift in Sources */,
				07B8D7C11CD123AF001EB05E /* FromJSON.swift in Sources */,
				074549621CBEB64F0083A2EC /* Place.swift in Sources */,
				07B8D7C51CD123AF001EB05E /* Operators.swift in Sources */,
				07B8D7E01CD158AE001EB05E /* CollieCache.swift in Sources */,
				07B8D7C91CD123AF001EB05E /* DateFormatterTransform.swift in Sources */,
				07B8D7C61CD123AF001EB05E /* ToJSON.swift in Sources */,
				07B9545F1CD2914C00CD6C4A /* Collie+HTTP.swift in Sources */,
				074549671CBEB8F70083A2EC /* CollieModel.swift in Sources */,
				0706C9AB1CC099EE000A11FF /* APIs.swift in Sources */,
				074549641CBEB6600083A2EC /* BudapestTVC.swift in Sources */,
			);
			runOnlyForDeploymentPostprocessing = 0;
		};
/* End PBXSourcesBuildPhase section */

/* Begin PBXVariantGroup section */
		0745494D1CBEB5D30083A2EC /* Root.storyboard */ = {
			isa = PBXVariantGroup;
			children = (
				0745494E1CBEB5D30083A2EC /* Base */,
			);
			name = Root.storyboard;
			sourceTree = "<group>";
		};
		074549521CBEB5D30083A2EC /* LaunchScreen.storyboard */ = {
			isa = PBXVariantGroup;
			children = (
				074549531CBEB5D30083A2EC /* Base */,
			);
			name = LaunchScreen.storyboard;
			sourceTree = "<group>";
		};
/* End PBXVariantGroup section */

/* Begin XCBuildConfiguration section */
		074549561CBEB5D30083A2EC /* Debug */ = {
			isa = XCBuildConfiguration;
			buildSettings = {
				ALWAYS_SEARCH_USER_PATHS = NO;
				CLANG_CXX_LANGUAGE_STANDARD = "gnu++0x";
				CLANG_CXX_LIBRARY = "libc++";
				CLANG_ENABLE_MODULES = YES;
				CLANG_ENABLE_OBJC_ARC = YES;
				CLANG_WARN_BOOL_CONVERSION = YES;
				CLANG_WARN_CONSTANT_CONVERSION = YES;
				CLANG_WARN_DIRECT_OBJC_ISA_USAGE = YES_ERROR;
				CLANG_WARN_EMPTY_BODY = YES;
				CLANG_WARN_ENUM_CONVERSION = YES;
				CLANG_WARN_INT_CONVERSION = YES;
				CLANG_WARN_OBJC_ROOT_CLASS = YES_ERROR;
				CLANG_WARN_UNREACHABLE_CODE = YES;
				CLANG_WARN__DUPLICATE_METHOD_MATCH = YES;
				"CODE_SIGN_IDENTITY[sdk=iphoneos*]" = "iPhone Developer";
				COPY_PHASE_STRIP = NO;
				DEBUG_INFORMATION_FORMAT = dwarf;
				ENABLE_STRICT_OBJC_MSGSEND = YES;
				ENABLE_TESTABILITY = YES;
				GCC_C_LANGUAGE_STANDARD = gnu99;
				GCC_DYNAMIC_NO_PIC = NO;
				GCC_NO_COMMON_BLOCKS = YES;
				GCC_OPTIMIZATION_LEVEL = 0;
				GCC_PREPROCESSOR_DEFINITIONS = (
					"DEBUG=1",
					"$(inherited)",
				);
				GCC_WARN_64_TO_32_BIT_CONVERSION = YES;
				GCC_WARN_ABOUT_RETURN_TYPE = YES_ERROR;
				GCC_WARN_UNDECLARED_SELECTOR = YES;
				GCC_WARN_UNINITIALIZED_AUTOS = YES_AGGRESSIVE;
				GCC_WARN_UNUSED_FUNCTION = YES;
				GCC_WARN_UNUSED_VARIABLE = YES;
				IPHONEOS_DEPLOYMENT_TARGET = 9.2;
				MTL_ENABLE_DEBUG_INFO = YES;
				ONLY_ACTIVE_ARCH = YES;
				SDKROOT = iphoneos;
				SWIFT_OPTIMIZATION_LEVEL = "-Onone";
				TARGETED_DEVICE_FAMILY = "1,2";
			};
			name = Debug;
		};
		074549571CBEB5D30083A2EC /* Release */ = {
			isa = XCBuildConfiguration;
			buildSettings = {
				ALWAYS_SEARCH_USER_PATHS = NO;
				CLANG_CXX_LANGUAGE_STANDARD = "gnu++0x";
				CLANG_CXX_LIBRARY = "libc++";
				CLANG_ENABLE_MODULES = YES;
				CLANG_ENABLE_OBJC_ARC = YES;
				CLANG_WARN_BOOL_CONVERSION = YES;
				CLANG_WARN_CONSTANT_CONVERSION = YES;
				CLANG_WARN_DIRECT_OBJC_ISA_USAGE = YES_ERROR;
				CLANG_WARN_EMPTY_BODY = YES;
				CLANG_WARN_ENUM_CONVERSION = YES;
				CLANG_WARN_INT_CONVERSION = YES;
				CLANG_WARN_OBJC_ROOT_CLASS = YES_ERROR;
				CLANG_WARN_UNREACHABLE_CODE = YES;
				CLANG_WARN__DUPLICATE_METHOD_MATCH = YES;
				"CODE_SIGN_IDENTITY[sdk=iphoneos*]" = "iPhone Developer";
				COPY_PHASE_STRIP = NO;
				DEBUG_INFORMATION_FORMAT = "dwarf-with-dsym";
				ENABLE_NS_ASSERTIONS = NO;
				ENABLE_STRICT_OBJC_MSGSEND = YES;
				GCC_C_LANGUAGE_STANDARD = gnu99;
				GCC_NO_COMMON_BLOCKS = YES;
				GCC_WARN_64_TO_32_BIT_CONVERSION = YES;
				GCC_WARN_ABOUT_RETURN_TYPE = YES_ERROR;
				GCC_WARN_UNDECLARED_SELECTOR = YES;
				GCC_WARN_UNINITIALIZED_AUTOS = YES_AGGRESSIVE;
				GCC_WARN_UNUSED_FUNCTION = YES;
				GCC_WARN_UNUSED_VARIABLE = YES;
				IPHONEOS_DEPLOYMENT_TARGET = 9.2;
				MTL_ENABLE_DEBUG_INFO = NO;
				SDKROOT = iphoneos;
				TARGETED_DEVICE_FAMILY = "1,2";
				VALIDATE_PRODUCT = YES;
			};
			name = Release;
		};
		074549591CBEB5D30083A2EC /* Debug */ = {
			isa = XCBuildConfiguration;
			buildSettings = {
				ASSETCATALOG_COMPILER_APPICON_NAME = AppIcon;
				INFOPLIST_FILE = "api-collection/Info.plist";
				LD_RUNPATH_SEARCH_PATHS = "$(inherited) @executable_path/Frameworks";
				PRODUCT_BUNDLE_IDENTIFIER = "gy.simple.api-collection";
				PRODUCT_NAME = "$(TARGET_NAME)";
			};
			name = Debug;
		};
		0745495A1CBEB5D30083A2EC /* Release */ = {
			isa = XCBuildConfiguration;
			buildSettings = {
				ASSETCATALOG_COMPILER_APPICON_NAME = AppIcon;
				INFOPLIST_FILE = "api-collection/Info.plist";
				LD_RUNPATH_SEARCH_PATHS = "$(inherited) @executable_path/Frameworks";
				PRODUCT_BUNDLE_IDENTIFIER = "gy.simple.api-collection";
				PRODUCT_NAME = "$(TARGET_NAME)";
			};
			name = Release;
		};
/* End XCBuildConfiguration section */

/* Begin XCConfigurationList section */
		074549411CBEB5D30083A2EC /* Build configuration list for PBXProject "api-collection" */ = {
			isa = XCConfigurationList;
			buildConfigurations = (
				074549561CBEB5D30083A2EC /* Debug */,
				074549571CBEB5D30083A2EC /* Release */,
			);
			defaultConfigurationIsVisible = 0;
			defaultConfigurationName = Release;
		};
		074549581CBEB5D30083A2EC /* Build configuration list for PBXNativeTarget "api-collection" */ = {
			isa = XCConfigurationList;
			buildConfigurations = (
				074549591CBEB5D30083A2EC /* Debug */,
				0745495A1CBEB5D30083A2EC /* Release */,
			);
			defaultConfigurationIsVisible = 0;
			defaultConfigurationName = Release;
		};
/* End XCConfigurationList section */
	};
	rootObject = 0745493E1CBEB5D30083A2EC /* Project object */;
}
